# This file was autogenerated by uv via the following command:
#    uv pip compile --python-version 3.12 --python-platform aarch64-manylinux_2_39 --no-deps --generate-hashes --output-file dgx/asr/requirements-audio-arm64.lock dgx/asr/requirements-audio-arm64.in
av==17.0.1 \
    --hash=sha256:09b1f1601cc4a4d9e616d197b345c363ba6abfe567cb3d6b18e45516126692b6 \
    --hash=sha256:1229e879f4b6431bc00f69d7f8891fe9a683b0a6e0e009e6c98eb7e449f0383d \
    --hash=sha256:1d33871742d1e71562db3c8e752cacc5a62766d7efc3ae408bff1c3e26ebb46e \
    --hash=sha256:3a3f33bbfed2bcc65be37941bfeb6cc20bbe9cb7afc4ef1ac8d330972df098f9 \
    --hash=sha256:3d0a7d45d9599bf9df9f8249827113d4f36df1cd6b5356227b997f0552dbc98e \
    --hash=sha256:3d3a36204cb1f1e7691e6446afa8d6b7097b09946dae732c71c5d05ce09e506e \
    --hash=sha256:3ed6bcd7021fe55832f95b8ef78dd01a4cb21faf3cd71f1e1bf4f20bf100b278 \
    --hash=sha256:42d6745d30a410ec9b22aef79a52a7ab5a001eb8f5adfd952946606a30983318 \
    --hash=sha256:4744837f4116964280bcc72285e3cdd51361e98a696205aadd924203440ef511 \
    --hash=sha256:50e58a473d65ea29b645e45c9fd8518a6783737135683ecc40571a91592bdfe4 \
    --hash=sha256:50f9dd53a8ebef77606dca3b21710f660f9a6478484e79b9abda7c787b4f2403 \
    --hash=sha256:8270634c409f8efc9a24216e5dd90313d873b26ea4b5f172b14de52cbd15121c \
    --hash=sha256:985c21095bfb9c4bb7ba362fbef7bf0194bd72b1d7d3c46e30d1f47c5d38b4df \
    --hash=sha256:987f4f46ceae4da6c614dcbd2b8149be9dbf680c3bb7a6841c58af9cff4d9230 \
    --hash=sha256:9acd0b6a6e02af2b37f63d97a03ee2c47936d58e82425c3cd075a95245937c59 \
    --hash=sha256:9af524e8632a54032e361d6b88895bd3e7c6212ca560de60f5ccc525323c764c \
    --hash=sha256:a87a42c36e29f75e7dff7281944f2a6876a2c8875e225ccbf6c1ae62748b4caa \
    --hash=sha256:b87b98afe971cde123953073bc9c95ab0b7efd2ecc082dd2dbd11f9d9abf190e \
    --hash=sha256:c58c71bffd9383908c85695ac61d3184c668accb04a5bd1b262e0fb8d09f60a5 \
    --hash=sha256:d97f54e55b18a74912f479c1978aadd1341d38d892dee95bb5c2f2dccfa72f32 \
    --hash=sha256:e6eee84afa48d0e9321047cd3e4facd44b401493f6bdc753e2e1d1e7c9e6d13e \
    --hash=sha256:f585358fe0127990aea7887e940de4cdd745a2770605c31e54b2418fd0fdd8bd \
    --hash=sha256:f63b30067e6d88a3cce0d73d01ecfc0e6f091ad2bcf689db5dc305b0b4e8348c \
    --hash=sha256:fbcbd4aa43bca6a8691816283112d1659a27f407bbeb66d1397023691339f5d4
    # via -r dgx/asr/requirements-audio-arm64.in
soundfile==0.13.1 \
    --hash=sha256:03267c4e493315294834a0870f31dbb3b28a95561b80b134f0bd3cf2d5f0e618 \
    --hash=sha256:1e70a05a0626524a69e9f0f4dd2ec174b4e9567f4d8b6c11d38b5c289be36ee9 \
    --hash=sha256:743f12c12c4054921e15736c6be09ac26b3b3d603aef6fd69f9dde68748f2593 \
    --hash=sha256:82dc664d19831933fe59adad199bf3945ad06d84bc111a5b4c0d3089a5b9ec33 \
    --hash=sha256:9c9e855f5a4d06ce4213f31918653ab7de0c5a8d8107cd2427e44b42df547deb \
    --hash=sha256:a23c717560da2cf4c7b5ae1142514e0fd82d6bbd9dfc93a50423447142f2c445 \
    --hash=sha256:b2c68dab1e30297317080a5b43df57e302584c49e2942defdde0acccc53f0e5b \
    --hash=sha256:c734564fab7c5ddf8e9be5bf70bab68042cd17e9c214c06e365e20d64f9a69d5
    # via -r dgx/asr/requirements-audio-arm64.in
