# Hashes are for the exact GX10 Linux ARM64 distributions resolved on 2026-07-29.
accelerate==1.12.0 --hash=sha256:3e2091cd341423207e2f084a6654b1efcd250dc326f2a37d6dde446e07cabb11
audioread==3.1.0 --hash=sha256:b30d1df6c5d3de5dcef0fb0e256f6ea17bdcf5f979408df0297d8a408e2971b4
av==17.0.1 --hash=sha256:e6eee84afa48d0e9321047cd3e4facd44b401493f6bdc753e2e1d1e7c9e6d13e
brotli==1.2.0 --hash=sha256:acec55bb7c90f1dfc476126f9711a8e81c9af7fb617409a9ee2953115343f08d
decorator==5.3.1 --hash=sha256:f47fe6fdbd2edd623ecfe36875d37aba411624e2670dd395dddae1358689bb3c
fastapi==0.135.3 --hash=sha256:9b0f590c813acd13d0ab43dd8494138eb58e484bfac405db1f3187cfc5810d98
faster-qwen3-tts==0.2.6 --hash=sha256:3881a41dc189f0a6e93fa047f376deffeb2fa84e888e7d570f79b3e2267765cc
flash-attn==2.8.3 --hash=sha256:1e71dd64a9e0280e0447b8a0c2541bad4bf6ac65bdeaa2f90e51a9e57de0370d
flatbuffers==25.12.19 --hash=sha256:7634f50c427838bb021c2d66a3d1168e9d199b0607e6329399f04846d42e20b4
gradio==6.17.3 --hash=sha256:7e52c65bfbb7bd75ac1c28cb38f93b01e5f6a2ff013224e6213533451bfee517
gradio-client==2.5.0 --hash=sha256:d43e2179c29076292a76485ad7ed2e6eaa19d14ac58283bd7f5beabfe4ca958c
groovy==0.1.2 --hash=sha256:7f7975bab18c729a257a8b1ae9dcd70b7cafb1720481beae47719af57c35fa64
hf-gradio==0.4.1 --hash=sha256:76b8cb8be6abe62d74c1ad2d35b42f0629db89aa9e1a8d033cecfe7c856eeab3
huggingface-hub==0.36.2 --hash=sha256:48f0c8eac16145dfce371e9d2d7772854a4f591bcb56c9cf548accf531d54270
joblib==1.5.3 --hash=sha256:5fc3c5039fc5ca8c0276333a188bbd59d6b7ab37fe6632daa76bc7f9ec18e713
lazy-loader==0.5 --hash=sha256:ab0ea149e9c554d4ffeeb21105ac60bed7f3b4fd69b1d2360a4add51b170b005
librosa==0.11.0 --hash=sha256:0b6415c4fd68bff4c29288abe67c6d80b587e0e1e2cfb0aad23e4559504a7fa1
narwhals==2.24.0 --hash=sha256:42fdedf44e5b2ca7505630d45b4ac3058f38d8485cba9fe1652ca23152df7489
onnxruntime==1.28.0 --hash=sha256:4e81a23df16e7acb9d51b06d30cc098e49315ef9180f97bc2221d167b4b04d9c
orjson==3.11.9 --hash=sha256:26a473dbb4162108b27901492546f83c76fdcea3d0eadff00ae7a07e18dcce09
pandas==3.0.5 --hash=sha256:73fa87b08a7ef706f8aafda39ddaccf2a99047bea62d8c88a0361bcafb2237bc
pooch==1.9.0 --hash=sha256:f265597baa9f760d25ceb29d0beb8186c243d6607b0f60b83ecf14078dbc703b
pydantic==2.12.5 --hash=sha256:e561593fccf61e8a20fc46dfc2dfe075b8be7d0188df33f221ad1f0139180f9d
pydub==0.25.1 --hash=sha256:65617e33033874b59d87db603aa1ed450633288aefead953b30bded59cb599a6
python-dateutil==2.9.0.post0 --hash=sha256:a8b2bc7bffae282281c8140a97d3aa9c14da0b136dfe83f850eea9a5f7470427
pytz==2026.3.post1 --hash=sha256:dd95840dd199baea12d9cc096a1d452caa6596a1c1e4b5f3dbd1541855d5e815
qwen-tts==0.1.1 --hash=sha256:11a290d8dabc7ef91a90c54478c8ab19b3edb1d85c0882313721892bdc4af15d
safehttpx==0.1.7 --hash=sha256:c4f4a162db6993464d7ca3d7cc4af0ffc6515a606dfd220b9f82c6945d869cde
scikit-learn==1.9.0 --hash=sha256:5e50ed4da51974e86e940690e9a3d82e729b62b5a49f7c9bac534d515d39d86f
semantic-version==2.10.0 --hash=sha256:de78a3b8e0feda74cabc54aab2da702113e33ac9d9eb9d2389bcf1f58b7d9177
soundfile==0.14.0 --hash=sha256:e85724a90bc99a6e8062c0b4ddf725f53b2a3b70afd4da875e9d2cfc4e92f377
sox==1.5.0 --hash=sha256:12c7be5bb1f548d891fe11e82c08cf5f1a1d74e225298f60082e5aeb2469ada0
soxr==1.1.0 --hash=sha256:bf98c0d7b7d5ef5bf072fee8d3020e8b664f2d195933ea7bc5089267c2e22a06
starlette==1.3.1 --hash=sha256:c7372aae11c3c3f26a42df7bd626cec2f47d03483d261d369516a615a53714c6
threadpoolctl==3.6.0 --hash=sha256:43a0b8fd5a2928500110039e43a5eed8480b918967083ea48dc3ab9f13c4a7fb
tomlkit==0.14.0 --hash=sha256:592064ed85b40fa213469f81ac584f67a4f2992509a7c3ea2d632208623a3680
transformers==4.57.3 --hash=sha256:c77d353a4851b1880191603d36acb313411d3577f6e2897814f333841f7003f4
uvicorn[standard]==0.44.0 --hash=sha256:ce937c99a2cc70279556967274414c087888e8cec9f9c94644dfca11bd3ced89
